
Microsoft Visual Studio Solution File, Format Version 12.00
# Visual Studio Version 17
VisualStudioVersion = 17.2.32616.157
MinimumVisualStudioVersion = 10.0.40219.1
Project("{FAE04EC0-301F-11D3-BF4B-00C04F79EFBC}") = "Cadastro", "Cadastro.csproj", "{12C1ACB1-B7C2-458F-B36C-AF0FE12370C5}"
EndProject
Project("{FAE04EC0-301F-11D3-BF4B-00C04F79EFBC}") = "AppCadastro", "AppCadastro\AppCadastro.csproj", "{86CD3D58-4E28-49CD-BD48-79289839AF59}"
EndProject
Global
	GlobalSection(SolutionConfigurationPlatforms) = preSolution
		Debug|Any CPU = Debug|Any CPU
		Release|Any CPU = Release|Any CPU
	EndGlobalSection
	GlobalSection(ProjectConfigurationPlatforms) = postSolution
		{12C1ACB1-B7C2-458F-B36C-AF0FE12370C5}.Debug|Any CPU.ActiveCfg = Debug|Any CPU
		{12C1ACB1-B7C2-458F-B36C-AF0FE12370C5}.Debug|Any CPU.Build.0 = Debug|Any CPU
		{12C1ACB1-B7C2-458F-B36C-AF0FE12370C5}.Release|Any CPU.ActiveCfg = Release|Any CPU
		{12C1ACB1-B7C2-458F-B36C-AF0FE12370C5}.Release|Any CPU.Build.0 = Release|Any CPU
		{86CD3D58-4E28-49CD-BD48-79289839AF59}.Debug|Any CPU.ActiveCfg = Debug|Any CPU
		{86CD3D58-4E28-49CD-BD48-79289839AF59}.Debug|Any CPU.Build.0 = Debug|Any CPU
		{86CD3D58-4E28-49CD-BD48-79289839AF59}.Release|Any CPU.ActiveCfg = Release|Any CPU
		{86CD3D58-4E28-49CD-BD48-79289839AF59}.Release|Any CPU.Build.0 = Release|Any CPU
	EndGlobalSection
	GlobalSection(SolutionProperties) = preSolution
		HideSolutionNode = FALSE
	EndGlobalSection
	GlobalSection(ExtensibilityGlobals) = postSolution
		SolutionGuid = {E75380B7-5B3B-476F-9D03-0220A2BD6760}
	EndGlobalSection
EndGlobal
